# This file is automatically @generated by Cargo.
# It is not intended for manual editing.
[[package]]
name = "avr-config"
version = "1.0.0"
source = "registry+https://github.com/rust-lang/crates.io-index"
checksum = "47b3e40d5d05487d1a38b7ef23ae381a83b9b84811cde74c43a1e46cae0ce1fa"
dependencies = [
 "const_env--value",
]

[[package]]
name = "avr-mcu"
version = "0.2.6"
source = "registry+https://github.com/rust-lang/crates.io-index"
checksum = "d560a698718437f9e3cb787f70f8103685514f84aff6b55b5a506b1740a1aeb3"
dependencies = [
 "lazy_static",
 "xmltree",
]

[[package]]
name = "avr-std-stub"
version = "1.0.2"
source = "registry+https://github.com/rust-lang/crates.io-index"
checksum = "b81c8e8c23121c998236d1fb16537ae599318fe0e1a099b68c02221aa34f1576"

[[package]]
name = "avr_delay"
version = "0.3.1"
source = "git+https://github.com/avr-rust/delay#2b14a0836cdbf978d8da24b34a3bcfd07bd7e901"
dependencies = [
 "avr-config",
]

[[package]]
name = "avrd"
version = "0.3.0"
source = "registry+https://github.com/rust-lang/crates.io-index"
checksum = "3e419c534662286cde27488abc23bd330cca2becc3ba8e000f86042001d272d5"
dependencies = [
 "avr-mcu",
]

[[package]]
name = "bitflags"
version = "0.7.0"
source = "registry+https://github.com/rust-lang/crates.io-index"
checksum = "aad18937a628ec6abcd26d1489012cc0e18c21798210f491af69ded9b881106d"

[[package]]
name = "blink"
version = "0.1.0"
dependencies = [
 "avr-std-stub",
 "avr_delay",
 "avrd",
]

[[package]]
name = "const_env--value"
version = "0.1.2"
source = "registry+https://github.com/rust-lang/crates.io-index"
checksum = "1ade503a5095050a5bf3feb8ae71842fb49dfc4af01dd613beb4f00bb7144645"
dependencies = [
 "const_env_impl--value",
]

[[package]]
name = "const_env_impl--value"
version = "0.1.2"
source = "registry+https://github.com/rust-lang/crates.io-index"
checksum = "a046e06596453266c54d3eb790813fd047494fc1d04d5077fba628bf84e1b83a"
dependencies = [
 "proc-macro2",
 "quote",
 "syn",
]

[[package]]
name = "lazy_static"
version = "0.2.11"
source = "registry+https://github.com/rust-lang/crates.io-index"
checksum = "76f033c7ad61445c5b347c7382dd1237847eb1bce590fe50365dcb33d546be73"

[[package]]
name = "proc-macro2"
version = "1.0.19"
source = "registry+https://github.com/rust-lang/crates.io-index"
checksum = "04f5f085b5d71e2188cb8271e5da0161ad52c3f227a661a3c135fdf28e258b12"
dependencies = [
 "unicode-xid",
]

[[package]]
name = "quote"
version = "1.0.7"
source = "registry+https://github.com/rust-lang/crates.io-index"
checksum = "aa563d17ecb180e500da1cfd2b028310ac758de548efdd203e18f283af693f37"
dependencies = [
 "proc-macro2",
]

[[package]]
name = "syn"
version = "1.0.39"
source = "registry+https://github.com/rust-lang/crates.io-index"
checksum = "891d8d6567fe7c7f8835a3a98af4208f3846fba258c1bc3c31d6e506239f11f9"
dependencies = [
 "proc-macro2",
 "quote",
 "unicode-xid",
]

[[package]]
name = "unicode-xid"
version = "0.2.1"
source = "registry+https://github.com/rust-lang/crates.io-index"
checksum = "f7fe0bb3479651439c9112f72b6c505038574c9fbb575ed1bf3b797fa39dd564"

[[package]]
name = "xml-rs"
version = "0.4.1"
source = "registry+https://github.com/rust-lang/crates.io-index"
checksum = "b46ee689ba7a669c08a1170c2348d2516c62dc461135c9e86b2f1f476e07be4a"
dependencies = [
 "bitflags",
]

[[package]]
name = "xmltree"
version = "0.4.0"
source = "registry+https://github.com/rust-lang/crates.io-index"
checksum = "973f1a8be3ef2ce1388e0821093ce67d5eb4c2e897e88866e2ed6dd7a63920ed"
dependencies = [
 "xml-rs",
]
